
Microsoft Visual Studio Solution File, Format Version 12.00
# Visual Studio Version 16
VisualStudioVersion = 16.0.29806.167
MinimumVisualStudioVersion = 10.0.40219.1
Project("{8BC9CEB8-8B4A-11D0-8D11-00A0C91BC942}") = "Hook", "Hook\Hook.vcxproj", "{A48A729D-7A43-48C1-9D57-59B4F1617F9A}"
EndProject
Project("{8BC9CEB8-8B4A-11D0-8D11-00A0C91BC942}") = "RFApp", "RFApp\RFApp.vcxproj", "{D9303E22-B948-4683-99A9-C04A6057D3E0}"
EndProject
Project("{8BC9CEB8-8B4A-11D0-8D11-00A0C91BC942}") = "Inject", "Inject\Inject.vcxproj", "{84E27669-84AC-4002-88E3-5D7E477C2E36}"
EndProject
Project("{8BC9CEB8-8B4A-11D0-8D11-00A0C91BC942}") = "DetectionApp", "DetectionApp\DetectionApp.vcxproj", "{4CBC7F5B-CE9D-4061-BAAF-473B4549827C}"
EndProject
Global
	GlobalSection(SolutionConfigurationPlatforms) = preSolution
		Debug|x64 = Debug|x64
		Debug|x86 = Debug|x86
		Release|x64 = Release|x64
		Release|x86 = Release|x86
	EndGlobalSection
	GlobalSection(ProjectConfigurationPlatforms) = postSolution
		{A48A729D-7A43-48C1-9D57-59B4F1617F9A}.Debug|x64.ActiveCfg = Debug|Win32
		{A48A729D-7A43-48C1-9D57-59B4F1617F9A}.Debug|x64.Build.0 = Debug|Win32
		{A48A729D-7A43-48C1-9D57-59B4F1617F9A}.Debug|x86.ActiveCfg = Debug|Win32
		{A48A729D-7A43-48C1-9D57-59B4F1617F9A}.Debug|x86.Build.0 = Debug|Win32
		{A48A729D-7A43-48C1-9D57-59B4F1617F9A}.Release|x64.ActiveCfg = Release|x64
		{A48A729D-7A43-48C1-9D57-59B4F1617F9A}.Release|x64.Build.0 = Release|x64
		{A48A729D-7A43-48C1-9D57-59B4F1617F9A}.Release|x86.ActiveCfg = Release|Win32
		{A48A729D-7A43-48C1-9D57-59B4F1617F9A}.Release|x86.Build.0 = Release|Win32
		{D9303E22-B948-4683-99A9-C04A6057D3E0}.Debug|x64.ActiveCfg = Debug|x64
		{D9303E22-B948-4683-99A9-C04A6057D3E0}.Debug|x64.Build.0 = Debug|x64
		{D9303E22-B948-4683-99A9-C04A6057D3E0}.Debug|x86.ActiveCfg = Debug|Win32
		{D9303E22-B948-4683-99A9-C04A6057D3E0}.Debug|x86.Build.0 = Debug|Win32
		{D9303E22-B948-4683-99A9-C04A6057D3E0}.Release|x64.ActiveCfg = Release|x64
		{D9303E22-B948-4683-99A9-C04A6057D3E0}.Release|x64.Build.0 = Release|x64
		{D9303E22-B948-4683-99A9-C04A6057D3E0}.Release|x86.ActiveCfg = Release|Win32
		{D9303E22-B948-4683-99A9-C04A6057D3E0}.Release|x86.Build.0 = Release|Win32
		{84E27669-84AC-4002-88E3-5D7E477C2E36}.Debug|x64.ActiveCfg = Debug|x64
		{84E27669-84AC-4002-88E3-5D7E477C2E36}.Debug|x64.Build.0 = Debug|x64
		{84E27669-84AC-4002-88E3-5D7E477C2E36}.Debug|x86.ActiveCfg = Debug|Win32
		{84E27669-84AC-4002-88E3-5D7E477C2E36}.Debug|x86.Build.0 = Debug|Win32
		{84E27669-84AC-4002-88E3-5D7E477C2E36}.Release|x64.ActiveCfg = Release|x64
		{84E27669-84AC-4002-88E3-5D7E477C2E36}.Release|x64.Build.0 = Release|x64
		{84E27669-84AC-4002-88E3-5D7E477C2E36}.Release|x86.ActiveCfg = Release|Win32
		{84E27669-84AC-4002-88E3-5D7E477C2E36}.Release|x86.Build.0 = Release|Win32
		{4CBC7F5B-CE9D-4061-BAAF-473B4549827C}.Debug|x64.ActiveCfg = Debug|x64
		{4CBC7F5B-CE9D-4061-BAAF-473B4549827C}.Debug|x64.Build.0 = Debug|x64
		{4CBC7F5B-CE9D-4061-BAAF-473B4549827C}.Debug|x86.ActiveCfg = Debug|Win32
		{4CBC7F5B-CE9D-4061-BAAF-473B4549827C}.Debug|x86.Build.0 = Debug|Win32
		{4CBC7F5B-CE9D-4061-BAAF-473B4549827C}.Release|x64.ActiveCfg = Release|x64
		{4CBC7F5B-CE9D-4061-BAAF-473B4549827C}.Release|x64.Build.0 = Release|x64
		{4CBC7F5B-CE9D-4061-BAAF-473B4549827C}.Release|x86.ActiveCfg = Release|Win32
		{4CBC7F5B-CE9D-4061-BAAF-473B4549827C}.Release|x86.Build.0 = Release|Win32
	EndGlobalSection
	GlobalSection(SolutionProperties) = preSolution
		HideSolutionNode = FALSE
	EndGlobalSection
	GlobalSection(ExtensibilityGlobals) = postSolution
		SolutionGuid = {8E178B8B-4780-4076-A315-9AA79DD76241}
	EndGlobalSection
EndGlobal
